
Microsoft Visual Studio Solution File, Format Version 12.00
# Visual Studio Version 17
VisualStudioVersion = 17.12.35527.113 d17.12
MinimumVisualStudioVersion = 10.0.40219.1
Project("{FAE04EC0-301F-11D3-BF4B-00C04F79EFBC}") = "InterceptorsEFCore", "InterceptorsEFCore\InterceptorsEFCore.csproj", "{DE8B4AC0-1C1F-4F80-837F-82B3B4543EBF}"
EndProject
Global
	GlobalSection(SolutionConfigurationPlatforms) = preSolution
		Debug|Any CPU = Debug|Any CPU
		Release|Any CPU = Release|Any CPU
	EndGlobalSection
	GlobalSection(ProjectConfigurationPlatforms) = postSolution
		{DE8B4AC0-1C1F-4F80-837F-82B3B4543EBF}.Debug|Any CPU.ActiveCfg = Debug|Any CPU
		{DE8B4AC0-1C1F-4F80-837F-82B3B4543EBF}.Debug|Any CPU.Build.0 = Debug|Any CPU
		{DE8B4AC0-1C1F-4F80-837F-82B3B4543EBF}.Release|Any CPU.ActiveCfg = Release|Any CPU
		{DE8B4AC0-1C1F-4F80-837F-82B3B4543EBF}.Release|Any CPU.Build.0 = Release|Any CPU
	EndGlobalSection
	GlobalSection(SolutionProperties) = preSolution
		HideSolutionNode = FALSE
	EndGlobalSection
EndGlobal
